
Microsoft Visual Studio Solution File, Format Version 12.00
# Visual Studio Version 17
VisualStudioVersion = 17.14.37516.0 d17.14
MinimumVisualStudioVersion = 10.0.40219.1
Project("{FAE04EC0-301F-11D3-BF4B-00C04F79EFBC}") = "JunkEmailCleaner", "JunkEmailCleaner.csproj", "{4EB55ED8-091E-4194-8F67-225222C2C135}"
EndProject
Global
	GlobalSection(SolutionConfigurationPlatforms) = preSolution
		Debug|Any CPU = Debug|Any CPU
		Release|Any CPU = Release|Any CPU
	EndGlobalSection
	GlobalSection(ProjectConfigurationPlatforms) = postSolution
		{4EB55ED8-091E-4194-8F67-225222C2C135}.Debug|Any CPU.ActiveCfg = Debug|Any CPU
		{4EB55ED8-091E-4194-8F67-225222C2C135}.Debug|Any CPU.Build.0 = Debug|Any CPU
		{4EB55ED8-091E-4194-8F67-225222C2C135}.Release|Any CPU.ActiveCfg = Release|Any CPU
		{4EB55ED8-091E-4194-8F67-225222C2C135}.Release|Any CPU.Build.0 = Release|Any CPU
	EndGlobalSection
	GlobalSection(SolutionProperties) = preSolution
		HideSolutionNode = FALSE
	EndGlobalSection
	GlobalSection(ExtensibilityGlobals) = postSolution
		SolutionGuid = {7CC3E930-7243-452E-9E61-6A9305FF80DF}
	EndGlobalSection
EndGlobal
